
Microsoft Visual Studio Solution File, Format Version 12.00
# Visual Studio Version 17
VisualStudioVersion = 17.7.34009.444
MinimumVisualStudioVersion = 10.0.40219.1
Project("{FAE04EC0-301F-11D3-BF4B-00C04F79EFBC}") = "PomodoroApp", "PomodoroApp\PomodoroApp.csproj", "{3C4C430E-E698-4B5F-BA18-B4080ADE4E81}"
EndProject
Global
	GlobalSection(SolutionConfigurationPlatforms) = preSolution
		Debug|Any CPU = Debug|Any CPU
		Release|Any CPU = Release|Any CPU
	EndGlobalSection
	GlobalSection(ProjectConfigurationPlatforms) = postSolution
		{3C4C430E-E698-4B5F-BA18-B4080ADE4E81}.Debug|Any CPU.ActiveCfg = Debug|Any CPU
		{3C4C430E-E698-4B5F-BA18-B4080ADE4E81}.Debug|Any CPU.Build.0 = Debug|Any CPU
		{3C4C430E-E698-4B5F-BA18-B4080ADE4E81}.Debug|Any CPU.Deploy.0 = Debug|Any CPU
		{3C4C430E-E698-4B5F-BA18-B4080ADE4E81}.Release|Any CPU.ActiveCfg = Release|Any CPU
		{3C4C430E-E698-4B5F-BA18-B4080ADE4E81}.Release|Any CPU.Build.0 = Release|Any CPU
		{3C4C430E-E698-4B5F-BA18-B4080ADE4E81}.Release|Any CPU.Deploy.0 = Release|Any CPU
	EndGlobalSection
	GlobalSection(SolutionProperties) = preSolution
		HideSolutionNode = FALSE
	EndGlobalSection
	GlobalSection(ExtensibilityGlobals) = postSolution
		SolutionGuid = {4947B78F-2439-4FFB-9FF5-96A1719F7580}
	EndGlobalSection
EndGlobal
