
Microsoft Visual Studio Solution File, Format Version 12.00
# Visual Studio Version 17
VisualStudioVersion = 17.7.34009.444
MinimumVisualStudioVersion = 10.0.40219.1
Project("{FAE04EC0-301F-11D3-BF4B-00C04F79EFBC}") = "AmiibopediaDemo", "AmiibopediaDemo\AmiibopediaDemo.csproj", "{0626DC23-FFC3-4890-A62A-E96753F519E4}"
EndProject
Global
	GlobalSection(SolutionConfigurationPlatforms) = preSolution
		Debug|Any CPU = Debug|Any CPU
		Release|Any CPU = Release|Any CPU
	EndGlobalSection
	GlobalSection(ProjectConfigurationPlatforms) = postSolution
		{0626DC23-FFC3-4890-A62A-E96753F519E4}.Debug|Any CPU.ActiveCfg = Debug|Any CPU
		{0626DC23-FFC3-4890-A62A-E96753F519E4}.Debug|Any CPU.Build.0 = Debug|Any CPU
		{0626DC23-FFC3-4890-A62A-E96753F519E4}.Debug|Any CPU.Deploy.0 = Debug|Any CPU
		{0626DC23-FFC3-4890-A62A-E96753F519E4}.Release|Any CPU.ActiveCfg = Release|Any CPU
		{0626DC23-FFC3-4890-A62A-E96753F519E4}.Release|Any CPU.Build.0 = Release|Any CPU
		{0626DC23-FFC3-4890-A62A-E96753F519E4}.Release|Any CPU.Deploy.0 = Release|Any CPU
	EndGlobalSection
	GlobalSection(SolutionProperties) = preSolution
		HideSolutionNode = FALSE
	EndGlobalSection
	GlobalSection(ExtensibilityGlobals) = postSolution
		SolutionGuid = {CCF7FB17-56A1-4EEB-B438-03F852C262E2}
	EndGlobalSection
EndGlobal
